{
  "projects": [
    {
      "projectId": "eiC1VCbma8t6iMexZerqLa",
      "version": "5.29.0",
      "dependencies": {},
      "lang": "ts",
      "fileLocks": [
        {
          "assetId": "eiC1VCbma8t6iMexZerqLa",
          "type": "projectCss",
          "checksum": "1c02168c6b23256606111fdfdbb63549"
        },
        {
          "assetId": "eiC1VCbma8t6iMexZerqLa",
          "checksum": "2def64ec49d06aa26baab1064739cbe0",
          "type": "globalContexts"
        }
      ],
      "codegenVersion": "0.0.1"
    },
    {
      "projectId": "xp1p7dmg329XVLHyuEUxD2",
      "version": "11.35.0",
      "dependencies": {},
      "lang": "ts",
      "fileLocks": [
        {
          "assetId": "xp1p7dmg329XVLHyuEUxD2",
          "type": "projectCss",
          "checksum": "933cd204534693a242d79a66a236e23d"
        }
      ],
      "codegenVersion": "0.0.1"
    },
    {
      "projectId": "seaQhLVS4bbjiGvJJrRwyL",
      "version": "15.0.3",
      "dependencies": {},
      "lang": "ts",
      "fileLocks": [
        {
          "assetId": "seaQhLVS4bbjiGvJJrRwyL",
          "type": "projectCss",
          "checksum": "174eea901e0665102c7080f882556fac"
        }
      ],
      "codegenVersion": "0.0.1"
    },
    {
      "projectId": "kLKJdWcWvhmzg2QkhYCgpB",
      "version": "latest",
      "dependencies": {
        "seaQhLVS4bbjiGvJJrRwyL": "15.0.3",
        "xp1p7dmg329XVLHyuEUxD2": "11.35.0",
        "eiC1VCbma8t6iMexZerqLa": "5.29.0"
      },
      "lang": "ts",
      "fileLocks": [
        {
          "type": "globalVariant",
          "assetId": "GAxIM5zJx_Vp",
          "checksum": "9c1f2e6d86b3723b51dce69d9d4f0f73"
        },
        {
          "assetId": "kLKJdWcWvhmzg2QkhYCgpB",
          "type": "projectCss",
          "checksum": "33d50150c593501edd79a1c787a634f4"
        },
        {
          "assetId": "kLKJdWcWvhmzg2QkhYCgpB",
          "checksum": "b1447b63d0f231ce41576b3f1a49d752",
          "type": "globalContexts"
        },
        {
          "type": "renderModule",
          "assetId": "peoCCJfBTKMi",
          "checksum": "a7102fde79b5dfeaa9103e17bf3fe436"
        },
        {
          "type": "cssRules",
          "assetId": "peoCCJfBTKMi",
          "checksum": "a7102fde79b5dfeaa9103e17bf3fe436"
        },
        {
          "type": "renderModule",
          "assetId": "U78srTTuD0sR",
          "checksum": "78932bf3ad97cca92b38b164a65f6bcd"
        },
        {
          "type": "cssRules",
          "assetId": "U78srTTuD0sR",
          "checksum": "78932bf3ad97cca92b38b164a65f6bcd"
        },
        {
          "type": "renderModule",
          "assetId": "hVMa7Qm7fiwD",
          "checksum": "4f48b0ab52b295bcf09e5b6bcb339175"
        },
        {
          "type": "cssRules",
          "assetId": "hVMa7Qm7fiwD",
          "checksum": "4f48b0ab52b295bcf09e5b6bcb339175"
        },
        {
          "type": "renderModule",
          "assetId": "91O5qTNY0KbN",
          "checksum": "b605b807bb5d57e90171d06e9c234711"
        },
        {
          "type": "cssRules",
          "assetId": "91O5qTNY0KbN",
          "checksum": "b605b807bb5d57e90171d06e9c234711"
        },
        {
          "type": "renderModule",
          "assetId": "1MTSciHlMglg",
          "checksum": "a5fee8935fd7586e2b194965996dadf6"
        },
        {
          "type": "cssRules",
          "assetId": "1MTSciHlMglg",
          "checksum": "a5fee8935fd7586e2b194965996dadf6"
        },
        {
          "type": "renderModule",
          "assetId": "RQcc0p_XJRvD",
          "checksum": "ad718f89dde48ec78725abcdc0c56be2"
        },
        {
          "type": "cssRules",
          "assetId": "RQcc0p_XJRvD",
          "checksum": "ad718f89dde48ec78725abcdc0c56be2"
        },
        {
          "type": "renderModule",
          "assetId": "ekmo8hZN3xC3",
          "checksum": "996de59a6733cd68fd91de259a2d53c3"
        },
        {
          "type": "cssRules",
          "assetId": "ekmo8hZN3xC3",
          "checksum": "996de59a6733cd68fd91de259a2d53c3"
        },
        {
          "type": "renderModule",
          "assetId": "dza7n4ljeMPK",
          "checksum": "38583ed5388339022c3a3598e25b0664"
        },
        {
          "type": "cssRules",
          "assetId": "dza7n4ljeMPK",
          "checksum": "38583ed5388339022c3a3598e25b0664"
        },
        {
          "type": "renderModule",
          "assetId": "9CWjNoJCRXtU",
          "checksum": "bd90e6136e5b54ca8b96e2081c335b9a"
        },
        {
          "type": "cssRules",
          "assetId": "9CWjNoJCRXtU",
          "checksum": "bd90e6136e5b54ca8b96e2081c335b9a"
        },
        {
          "type": "renderModule",
          "assetId": "F_e9rQdI0sx8",
          "checksum": "92f7c68f3687d8a7f0006df704d4df83"
        },
        {
          "type": "cssRules",
          "assetId": "F_e9rQdI0sx8",
          "checksum": "92f7c68f3687d8a7f0006df704d4df83"
        },
        {
          "type": "renderModule",
          "assetId": "6MIIJdG2Xkzw",
          "checksum": "6b142f87e6c8db47676b98374fe8a8c8"
        },
        {
          "type": "cssRules",
          "assetId": "6MIIJdG2Xkzw",
          "checksum": "6b142f87e6c8db47676b98374fe8a8c8"
        },
        {
          "type": "icon",
          "assetId": "-55YHOQC2m8T",
          "checksum": "55ace3cf228271b60056f18468778e02"
        },
        {
          "type": "icon",
          "assetId": "FaIgweCSkj_E",
          "checksum": "b9b74f993a710f1738b85edafd606664"
        },
        {
          "type": "icon",
          "assetId": "fYQtrZYcj8n1",
          "checksum": "43fba0f120a2c05f508af45043bf2f0e"
        },
        {
          "type": "icon",
          "assetId": "1Zd-kMzlcENU",
          "checksum": "bb20c14985dd2f85111d2112e4bd96be"
        },
        {
          "type": "icon",
          "assetId": "MHHa6K0pWFjI",
          "checksum": "704cdf4435d9a07633eb99d55422b505"
        },
        {
          "type": "icon",
          "assetId": "b9UDs8ZwS8M3",
          "checksum": "3ee2fb92272cc4a1944c2f8def046742"
        },
        {
          "type": "icon",
          "assetId": "WPrVfgCzqTxD",
          "checksum": "6a66c6aa6e13ecab4bcc246d1937a2ab"
        },
        {
          "type": "icon",
          "assetId": "jL2yyP66KUl1",
          "checksum": "21bf16aae507076237c028eb32850753"
        },
        {
          "type": "icon",
          "assetId": "CMUwi_2fiwoa",
          "checksum": "a4252483af2f6e9676338d43d41f4b36"
        },
        {
          "type": "icon",
          "assetId": "-NgkkChtkdoc",
          "checksum": "b98a16c279f8b933b031d47b146f573d"
        },
        {
          "type": "icon",
          "assetId": "-iO0VmNl_LwL",
          "checksum": "1d46e20667d1dbc9f2cbcf00ec9c5f69"
        },
        {
          "type": "icon",
          "assetId": "cqnasLGbjnfM",
          "checksum": "189f5a12fb4711b044874ddb63820c92"
        },
        {
          "type": "icon",
          "assetId": "YaUFcDqwty0G",
          "checksum": "fcd3eac2465638fd6b67d148f7836b87"
        },
        {
          "type": "icon",
          "assetId": "nC6wNfrfobgm",
          "checksum": "b59ded0a17d89a688c48afade2ad4b64"
        },
        {
          "type": "icon",
          "assetId": "gLqBv_gEKIQh",
          "checksum": "83ed8d25fd5efe895fc07d4ede4530c6"
        },
        {
          "type": "icon",
          "assetId": "Bf-nGqX5ttPr",
          "checksum": "5a3c22ce3e14b1269834f7ba97880076"
        },
        {
          "type": "icon",
          "assetId": "KWqzca3_KVfV",
          "checksum": "2690d1c34a7eee3e73599eefc93f885b"
        },
        {
          "type": "image",
          "assetId": "QUxnxnP-h-hy",
          "checksum": "5a65153f13b8ed8a9258cc71bd38b6ae"
        },
        {
          "type": "image",
          "assetId": "uMYshjU4Cr85",
          "checksum": "dee65d0ec12a1eea92ee4e262dd1bc96"
        },
        {
          "type": "image",
          "assetId": "hEqgyKOIJuoE",
          "checksum": "ccc61d7fb64dc130e296683966a32666"
        },
        {
          "type": "image",
          "assetId": "96ZZrrW_W9sI",
          "checksum": "47c77b57f3b7e098004d36ce4450f1b8"
        },
        {
          "type": "image",
          "assetId": "2pehX5Z_BoDL",
          "checksum": "6a8bbfca18dd2908a9bc430455f5dc8d"
        },
        {
          "type": "image",
          "assetId": "rjsK61kKVzFo",
          "checksum": "673969a8df3c166d565105ba840279f9"
        },
        {
          "type": "image",
          "assetId": "3qHBEsINvipn",
          "checksum": "a8a90e0ec3a7e620181c730967163006"
        },
        {
          "type": "image",
          "assetId": "-8JoFlQElHW0",
          "checksum": "8f537fb67865808ec5a401a340b4415c"
        },
        {
          "type": "image",
          "assetId": "v_m93bwUEgNP",
          "checksum": "44ccb3c256a81d31f7e9019d0b2ff6fa"
        },
        {
          "type": "image",
          "assetId": "6Rqn4TOQ3zWF",
          "checksum": "933dafc7fcb54691371277d3ebec36c2"
        },
        {
          "type": "image",
          "assetId": "8RM-J6WGTQox",
          "checksum": "51fb8bc70b8114e3ebdc61b2b278a50c"
        },
        {
          "type": "image",
          "assetId": "O4ZbzMAj0j9w",
          "checksum": "9cb4be956658af3304739e7e05aab544"
        },
        {
          "type": "image",
          "assetId": "Ub4guJbVL4KS",
          "checksum": "cc91dc125215536cb0e2db35ee5bf0c6"
        },
        {
          "type": "image",
          "assetId": "2zFfG6NUgY9L",
          "checksum": "436d64282b9a6c6c4a6a407479ac2285"
        },
        {
          "type": "image",
          "assetId": "CmvyqwF1Umi6",
          "checksum": "acfe1aaac27bd9663309d46377753d2e"
        },
        {
          "type": "image",
          "assetId": "vgyqgooLQxQg",
          "checksum": "c074b80964b6dcbc1ec01d7d7c306e7c"
        },
        {
          "type": "image",
          "assetId": "3ADqq8P2f5x3",
          "checksum": "3b41da269f64b668512aa42697b0fcb3"
        },
        {
          "type": "image",
          "assetId": "-CUwjiiF_v1M",
          "checksum": "dbeac68e9c00f1f2703b155044ae1343"
        },
        {
          "type": "image",
          "assetId": "wHuuRt8lk32h",
          "checksum": "ea01c9863a3368bd8df8a500a6ceab8c"
        },
        {
          "type": "image",
          "assetId": "3c9YMa1M_ql9",
          "checksum": "daf08b5e339758540901bd354292c01c"
        },
        {
          "type": "image",
          "assetId": "DfBnmKQrDj1B",
          "checksum": "651516b09eb6cd205745a8740174e3f7"
        },
        {
          "type": "image",
          "assetId": "hnrthOEzA32P",
          "checksum": "5795b54f02ca76ab722793676c842529"
        },
        {
          "type": "image",
          "assetId": "Igp9pOReP9Ml",
          "checksum": "41193526cfc621656b4e4d8192103d5a"
        },
        {
          "type": "image",
          "assetId": "NHb-zn0gsEjI",
          "checksum": "7f309815358a5f0b07cd8cf764bf4d67"
        },
        {
          "type": "image",
          "assetId": "DQwO02ZSVy8w",
          "checksum": "e7a58eec22933a773fca22586b13ec73"
        }
      ],
      "codegenVersion": "0.0.1"
    }
  ],
  "cliVersion": "0.1.334"
}
